
Microsoft Visual Studio Solution File, Format Version 12.00
# Visual Studio Version 17
VisualStudioVersion = 17.7.34024.191
MinimumVisualStudioVersion = 10.0.40219.1
Project("{FAE04EC0-301F-11D3-BF4B-00C04F79EFBC}") = "Test", "Test\Test.csproj", "{9129F382-04B6-4094-9352-7F436570EEFB}"
EndProject
Global
	GlobalSection(SolutionConfigurationPlatforms) = preSolution
		Debug|Any CPU = Debug|Any CPU
		Release|Any CPU = Release|Any CPU
	EndGlobalSection
	GlobalSection(ProjectConfigurationPlatforms) = postSolution
		{9129F382-04B6-4094-9352-7F436570EEFB}.Debug|Any CPU.ActiveCfg = Debug|Any CPU
		{9129F382-04B6-4094-9352-7F436570EEFB}.Debug|Any CPU.Build.0 = Debug|Any CPU
		{9129F382-04B6-4094-9352-7F436570EEFB}.Release|Any CPU.ActiveCfg = Release|Any CPU
		{9129F382-04B6-4094-9352-7F436570EEFB}.Release|Any CPU.Build.0 = Release|Any CPU
	EndGlobalSection
	GlobalSection(SolutionProperties) = preSolution
		HideSolutionNode = FALSE
	EndGlobalSection
	GlobalSection(ExtensibilityGlobals) = postSolution
		SolutionGuid = {4AA80126-14C1-41ED-BC2B-553CC86FC485}
	EndGlobalSection
EndGlobal
